
Microsoft Visual Studio Solution File, Format Version 12.00
# Visual Studio 15
VisualStudioVersion = 15.0.28307.705
MinimumVisualStudioVersion = 10.0.40219.1
Project("{FAE04EC0-301F-11D3-BF4B-00C04F79EFBC}") = "MobilAlkalmazas.Android", "MobilAlkalmazas\MobilAlkalmazas.Android\MobilAlkalmazas.Android.csproj", "{FF2115A6-9EBF-48BE-9195-31100A75D238}"
EndProject
Project("{FAE04EC0-301F-11D3-BF4B-00C04F79EFBC}") = "MobilAlkalmazas.iOS", "MobilAlkalmazas\MobilAlkalmazas.iOS\MobilAlkalmazas.iOS.csproj", "{BEC13737-F800-4478-926E-831F1FF43E54}"
EndProject
Project("{FAE04EC0-301F-11D3-BF4B-00C04F79EFBC}") = "MobilAlkalmazas.UWP", "MobilAlkalmazas\MobilAlkalmazas.UWP\MobilAlkalmazas.UWP.csproj", "{1B1287AC-DEF8-41AB-B549-8FEB0C59A2F2}"
EndProject
Project("{FAE04EC0-301F-11D3-BF4B-00C04F79EFBC}") = "MobilAlkalmazas", "MobilAlkalmazas\MobilAlkalmazas\MobilAlkalmazas.csproj", "{6D5DBB50-F803-4713-A269-C5649DB9FCDF}"
EndProject
Global
	GlobalSection(SolutionConfigurationPlatforms) = preSolution
		Ad-Hoc|Any CPU = Ad-Hoc|Any CPU
		Ad-Hoc|ARM = Ad-Hoc|ARM
		Ad-Hoc|iPhone = Ad-Hoc|iPhone
		Ad-Hoc|iPhoneSimulator = Ad-Hoc|iPhoneSimulator
		Ad-Hoc|x64 = Ad-Hoc|x64
		Ad-Hoc|x86 = Ad-Hoc|x86
		AppStore|Any CPU = AppStore|Any CPU
		AppStore|ARM = AppStore|ARM
		AppStore|iPhone = AppStore|iPhone
		AppStore|iPhoneSimulator = AppStore|iPhoneSimulator
		AppStore|x64 = AppStore|x64
		AppStore|x86 = AppStore|x86
		Debug|Any CPU = Debug|Any CPU
		Debug|ARM = Debug|ARM
		Debug|iPhone = Debug|iPhone
		Debug|iPhoneSimulator = Debug|iPhoneSimulator
		Debug|x64 = Debug|x64
		Debug|x86 = Debug|x86
		Release|Any CPU = Release|Any CPU
		Release|ARM = Release|ARM
		Release|iPhone = Release|iPhone
		Release|iPhoneSimulator = Release|iPhoneSimulator
		Release|x64 = Release|x64
		Release|x86 = Release|x86
	EndGlobalSection
	GlobalSection(ProjectConfigurationPlatforms) = postSolution
		{FF2115A6-9EBF-48BE-9195-31100A75D238}.Ad-Hoc|Any CPU.ActiveCfg = Release|Any CPU
		{FF2115A6-9EBF-48BE-9195-31100A75D238}.Ad-Hoc|Any CPU.Build.0 = Release|Any CPU
		{FF2115A6-9EBF-48BE-9195-31100A75D238}.Ad-Hoc|Any CPU.Deploy.0 = Release|Any CPU
		{FF2115A6-9EBF-48BE-9195-31100A75D238}.Ad-Hoc|ARM.ActiveCfg = Release|Any CPU
		{FF2115A6-9EBF-48BE-9195-31100A75D238}.Ad-Hoc|ARM.Build.0 = Release|Any CPU
		{FF2115A6-9EBF-48BE-9195-31100A75D238}.Ad-Hoc|ARM.Deploy.0 = Release|Any CPU
		{FF2115A6-9EBF-48BE-9195-31100A75D238}.Ad-Hoc|iPhone.ActiveCfg = Release|Any CPU
		{FF2115A6-9EBF-48BE-9195-31100A75D238}.Ad-Hoc|iPhone.Build.0 = Release|Any CPU
		{FF2115A6-9EBF-48BE-9195-31100A75D238}.Ad-Hoc|iPhone.Deploy.0 = Release|Any CPU
		{FF2115A6-9EBF-48BE-9195-31100A75D238}.Ad-Hoc|iPhoneSimulator.ActiveCfg = Release|Any CPU
		{FF2115A6-9EBF-48BE-9195-31100A75D238}.Ad-Hoc|iPhoneSimulator.Build.0 = Release|Any CPU
		{FF2115A6-9EBF-48BE-9195-31100A75D238}.Ad-Hoc|iPhoneSimulator.Deploy.0 = Release|Any CPU
		{FF2115A6-9EBF-48BE-9195-31100A75D238}.Ad-Hoc|x64.ActiveCfg = Release|Any CPU
		{FF2115A6-9EBF-48BE-9195-31100A75D238}.Ad-Hoc|x64.Build.0 = Release|Any CPU
		{FF2115A6-9EBF-48BE-9195-31100A75D238}.Ad-Hoc|x64.Deploy.0 = Release|Any CPU
		{FF2115A6-9EBF-48BE-9195-31100A75D238}.Ad-Hoc|x86.ActiveCfg = Release|Any CPU
		{FF2115A6-9EBF-48BE-9195-31100A75D238}.Ad-Hoc|x86.Build.0 = Release|Any CPU
		{FF2115A6-9EBF-48BE-9195-31100A75D238}.Ad-Hoc|x86.Deploy.0 = Release|Any CPU
		{FF2115A6-9EBF-48BE-9195-31100A75D238}.AppStore|Any CPU.ActiveCfg = Release|Any CPU
		{FF2115A6-9EBF-48BE-9195-31100A75D238}.AppStore|Any CPU.Build.0 = Release|Any CPU
		{FF2115A6-9EBF-48BE-9195-31100A75D238}.AppStore|Any CPU.Deploy.0 = Release|Any CPU
		{FF2115A6-9EBF-48BE-9195-31100A75D238}.AppStore|ARM.ActiveCfg = Release|Any CPU
		{FF2115A6-9EBF-48BE-9195-31100A75D238}.AppStore|ARM.Build.0 = Release|Any CPU
		{FF2115A6-9EBF-48BE-9195-31100A75D238}.AppStore|ARM.Deploy.0 = Release|Any CPU
		{FF2115A6-9EBF-48BE-9195-31100A75D238}.AppStore|iPhone.ActiveCfg = Release|Any CPU
		{FF2115A6-9EBF-48BE-9195-31100A75D238}.AppStore|iPhone.Build.0 = Release|Any CPU
		{FF2115A6-9EBF-48BE-9195-31100A75D238}.AppStore|iPhone.Deploy.0 = Release|Any CPU
		{FF2115A6-9EBF-48BE-9195-31100A75D238}.AppStore|iPhoneSimulator.ActiveCfg = Release|Any CPU
		{FF2115A6-9EBF-48BE-9195-31100A75D238}.AppStore|iPhoneSimulator.Build.0 = Release|Any CPU
		{FF2115A6-9EBF-48BE-9195-31100A75D238}.AppStore|iPhoneSimulator.Deploy.0 = Release|Any CPU
		{FF2115A6-9EBF-48BE-9195-31100A75D238}.AppStore|x64.ActiveCfg = Release|Any CPU
		{FF2115A6-9EBF-48BE-9195-31100A75D238}.AppStore|x64.Build.0 = Release|Any CPU
		{FF2115A6-9EBF-48BE-9195-31100A75D238}.AppStore|x64.Deploy.0 = Release|Any CPU
		{FF2115A6-9EBF-48BE-9195-31100A75D238}.AppStore|x86.ActiveCfg = Release|Any CPU
		{FF2115A6-9EBF-48BE-9195-31100A75D238}.AppStore|x86.Build.0 = Release|Any CPU
		{FF2115A6-9EBF-48BE-9195-31100A75D238}.AppStore|x86.Deploy.0 = Release|Any CPU
		{FF2115A6-9EBF-48BE-9195-31100A75D238}.Debug|Any CPU.ActiveCfg = Debug|Any CPU
		{FF2115A6-9EBF-48BE-9195-31100A75D238}.Debug|Any CPU.Build.0 = Debug|Any CPU
		{FF2115A6-9EBF-48BE-9195-31100A75D238}.Debug|Any CPU.Deploy.0 = Debug|Any CPU
		{FF2115A6-9EBF-48BE-9195-31100A75D238}.Debug|ARM.ActiveCfg = Debug|Any CPU
		{FF2115A6-9EBF-48BE-9195-31100A75D238}.Debug|ARM.Build.0 = Debug|Any CPU
		{FF2115A6-9EBF-48BE-9195-31100A75D238}.Debug|ARM.Deploy.0 = Debug|Any CPU
		{FF2115A6-9EBF-48BE-9195-31100A75D238}.Debug|iPhone.ActiveCfg = Debug|Any CPU
		{FF2115A6-9EBF-48BE-9195-31100A75D238}.Debug|iPhone.Build.0 = Debug|Any CPU
		{FF2115A6-9EBF-48BE-9195-31100A75D238}.Debug|iPhone.Deploy.0 = Debug|Any CPU
		{FF2115A6-9EBF-48BE-9195-31100A75D238}.Debug|iPhoneSimulator.ActiveCfg = Debug|Any CPU
		{FF2115A6-9EBF-48BE-9195-31100A75D238}.Debug|iPhoneSimulator.Build.0 = Debug|Any CPU
		{FF2115A6-9EBF-48BE-9195-31100A75D238}.Debug|iPhoneSimulator.Deploy.0 = Debug|Any CPU
		{FF2115A6-9EBF-48BE-9195-31100A75D238}.Debug|x64.ActiveCfg = Debug|Any CPU
		{FF2115A6-9EBF-48BE-9195-31100A75D238}.Debug|x64.Build.0 = Debug|Any CPU
		{FF2115A6-9EBF-48BE-9195-31100A75D238}.Debug|x64.Deploy.0 = Debug|Any CPU
		{FF2115A6-9EBF-48BE-9195-31100A75D238}.Debug|x86.ActiveCfg = Debug|Any CPU
		{FF2115A6-9EBF-48BE-9195-31100A75D238}.Debug|x86.Build.0 = Debug|Any CPU
		{FF2115A6-9EBF-48BE-9195-31100A75D238}.Debug|x86.Deploy.0 = Debug|Any CPU
		{FF2115A6-9EBF-48BE-9195-31100A75D238}.Release|Any CPU.ActiveCfg = Release|Any CPU
		{FF2115A6-9EBF-48BE-9195-31100A75D238}.Release|Any CPU.Build.0 = Release|Any CPU
		{FF2115A6-9EBF-48BE-9195-31100A75D238}.Release|Any CPU.Deploy.0 = Release|Any CPU
		{FF2115A6-9EBF-48BE-9195-31100A75D238}.Release|ARM.ActiveCfg = Release|Any CPU
		{FF2115A6-9EBF-48BE-9195-31100A75D238}.Release|ARM.Build.0 = Release|Any CPU
		{FF2115A6-9EBF-48BE-9195-31100A75D238}.Release|ARM.Deploy.0 = Release|Any CPU
		{FF2115A6-9EBF-48BE-9195-31100A75D238}.Release|iPhone.ActiveCfg = Release|Any CPU
		{FF2115A6-9EBF-48BE-9195-31100A75D238}.Release|iPhone.Build.0 = Release|Any CPU
		{FF2115A6-9EBF-48BE-9195-31100A75D238}.Release|iPhone.Deploy.0 = Release|Any CPU
		{FF2115A6-9EBF-48BE-9195-31100A75D238}.Release|iPhoneSimulator.ActiveCfg = Release|Any CPU
		{FF2115A6-9EBF-48BE-9195-31100A75D238}.Release|iPhoneSimulator.Build.0 = Release|Any CPU
		{FF2115A6-9EBF-48BE-9195-31100A75D238}.Release|iPhoneSimulator.Deploy.0 = Release|Any CPU
		{FF2115A6-9EBF-48BE-9195-31100A75D238}.Release|x64.ActiveCfg = Release|Any CPU
		{FF2115A6-9EBF-48BE-9195-31100A75D238}.Release|x64.Build.0 = Release|Any CPU
		{FF2115A6-9EBF-48BE-9195-31100A75D238}.Release|x64.Deploy.0 = Release|Any CPU
		{FF2115A6-9EBF-48BE-9195-31100A75D238}.Release|x86.ActiveCfg = Release|Any CPU
		{FF2115A6-9EBF-48BE-9195-31100A75D238}.Release|x86.Build.0 = Release|Any CPU
		{FF2115A6-9EBF-48BE-9195-31100A75D238}.Release|x86.Deploy.0 = Release|Any CPU
		{BEC13737-F800-4478-926E-831F1FF43E54}.Ad-Hoc|Any CPU.ActiveCfg = Ad-Hoc|iPhone
		{BEC13737-F800-4478-926E-831F1FF43E54}.Ad-Hoc|Any CPU.Build.0 = Ad-Hoc|iPhone
		{BEC13737-F800-4478-926E-831F1FF43E54}.Ad-Hoc|Any CPU.Deploy.0 = Ad-Hoc|iPhone
		{BEC13737-F800-4478-926E-831F1FF43E54}.Ad-Hoc|ARM.ActiveCfg = Ad-Hoc|iPhone
		{BEC13737-F800-4478-926E-831F1FF43E54}.Ad-Hoc|ARM.Build.0 = Ad-Hoc|iPhone
		{BEC13737-F800-4478-926E-831F1FF43E54}.Ad-Hoc|ARM.Deploy.0 = Ad-Hoc|iPhone
		{BEC13737-F800-4478-926E-831F1FF43E54}.Ad-Hoc|iPhone.ActiveCfg = Ad-Hoc|iPhone
		{BEC13737-F800-4478-926E-831F1FF43E54}.Ad-Hoc|iPhone.Build.0 = Ad-Hoc|iPhone
		{BEC13737-F800-4478-926E-831F1FF43E54}.Ad-Hoc|iPhone.Deploy.0 = Ad-Hoc|iPhone
		{BEC13737-F800-4478-926E-831F1FF43E54}.Ad-Hoc|iPhoneSimulator.ActiveCfg = Ad-Hoc|iPhoneSimulator
		{BEC13737-F800-4478-926E-831F1FF43E54}.Ad-Hoc|iPhoneSimulator.Build.0 = Ad-Hoc|iPhoneSimulator
		{BEC13737-F800-4478-926E-831F1FF43E54}.Ad-Hoc|iPhoneSimulator.Deploy.0 = Ad-Hoc|iPhoneSimulator
		{BEC13737-F800-4478-926E-831F1FF43E54}.Ad-Hoc|x64.ActiveCfg = Ad-Hoc|iPhone
		{BEC13737-F800-4478-926E-831F1FF43E54}.Ad-Hoc|x64.Build.0 = Ad-Hoc|iPhone
		{BEC13737-F800-4478-926E-831F1FF43E54}.Ad-Hoc|x64.Deploy.0 = Ad-Hoc|iPhone
		{BEC13737-F800-4478-926E-831F1FF43E54}.Ad-Hoc|x86.ActiveCfg = Ad-Hoc|iPhone
		{BEC13737-F800-4478-926E-831F1FF43E54}.Ad-Hoc|x86.Build.0 = Ad-Hoc|iPhone
		{BEC13737-F800-4478-926E-831F1FF43E54}.Ad-Hoc|x86.Deploy.0 = Ad-Hoc|iPhone
		{BEC13737-F800-4478-926E-831F1FF43E54}.AppStore|Any CPU.ActiveCfg = AppStore|iPhone
		{BEC13737-F800-4478-926E-831F1FF43E54}.AppStore|Any CPU.Build.0 = AppStore|iPhone
		{BEC13737-F800-4478-926E-831F1FF43E54}.AppStore|Any CPU.Deploy.0 = AppStore|iPhone
		{BEC13737-F800-4478-926E-831F1FF43E54}.AppStore|ARM.ActiveCfg = AppStore|iPhone
		{BEC13737-F800-4478-926E-831F1FF43E54}.AppStore|ARM.Build.0 = AppStore|iPhone
		{BEC13737-F800-4478-926E-831F1FF43E54}.AppStore|ARM.Deploy.0 = AppStore|iPhone
		{BEC13737-F800-4478-926E-831F1FF43E54}.AppStore|iPhone.ActiveCfg = AppStore|iPhone
		{BEC13737-F800-4478-926E-831F1FF43E54}.AppStore|iPhone.Build.0 = AppStore|iPhone
		{BEC13737-F800-4478-926E-831F1FF43E54}.AppStore|iPhone.Deploy.0 = AppStore|iPhone
		{BEC13737-F800-4478-926E-831F1FF43E54}.AppStore|iPhoneSimulator.ActiveCfg = AppStore|iPhoneSimulator
		{BEC13737-F800-4478-926E-831F1FF43E54}.AppStore|iPhoneSimulator.Build.0 = AppStore|iPhoneSimulator
		{BEC13737-F800-4478-926E-831F1FF43E54}.AppStore|iPhoneSimulator.Deploy.0 = AppStore|iPhoneSimulator
		{BEC13737-F800-4478-926E-831F1FF43E54}.AppStore|x64.ActiveCfg = AppStore|iPhone
		{BEC13737-F800-4478-926E-831F1FF43E54}.AppStore|x64.Build.0 = AppStore|iPhone
		{BEC13737-F800-4478-926E-831F1FF43E54}.AppStore|x64.Deploy.0 = AppStore|iPhone
		{BEC13737-F800-4478-926E-831F1FF43E54}.AppStore|x86.ActiveCfg = AppStore|iPhone
		{BEC13737-F800-4478-926E-831F1FF43E54}.AppStore|x86.Build.0 = AppStore|iPhone
		{BEC13737-F800-4478-926E-831F1FF43E54}.AppStore|x86.Deploy.0 = AppStore|iPhone
		{BEC13737-F800-4478-926E-831F1FF43E54}.Debug|Any CPU.ActiveCfg = Debug|iPhoneSimulator
		{BEC13737-F800-4478-926E-831F1FF43E54}.Debug|Any CPU.Build.0 = Debug|iPhoneSimulator
		{BEC13737-F800-4478-926E-831F1FF43E54}.Debug|Any CPU.Deploy.0 = Debug|iPhoneSimulator
		{BEC13737-F800-4478-926E-831F1FF43E54}.Debug|ARM.ActiveCfg = Debug|iPhone
		{BEC13737-F800-4478-926E-831F1FF43E54}.Debug|ARM.Build.0 = Debug|iPhone
		{BEC13737-F800-4478-926E-831F1FF43E54}.Debug|ARM.Deploy.0 = Debug|iPhone
		{BEC13737-F800-4478-926E-831F1FF43E54}.Debug|iPhone.ActiveCfg = Debug|iPhone
		{BEC13737-F800-4478-926E-831F1FF43E54}.Debug|iPhone.Build.0 = Debug|iPhone
		{BEC13737-F800-4478-926E-831F1FF43E54}.Debug|iPhone.Deploy.0 = Debug|iPhone
		{BEC13737-F800-4478-926E-831F1FF43E54}.Debug|iPhoneSimulator.ActiveCfg = Debug|iPhoneSimulator
		{BEC13737-F800-4478-926E-831F1FF43E54}.Debug|iPhoneSimulator.Build.0 = Debug|iPhoneSimulator
		{BEC13737-F800-4478-926E-831F1FF43E54}.Debug|iPhoneSimulator.Deploy.0 = Debug|iPhoneSimulator
		{BEC13737-F800-4478-926E-831F1FF43E54}.Debug|x64.ActiveCfg = Debug|iPhone
		{BEC13737-F800-4478-926E-831F1FF43E54}.Debug|x64.Build.0 = Debug|iPhone
		{BEC13737-F800-4478-926E-831F1FF43E54}.Debug|x64.Deploy.0 = Debug|iPhone
		{BEC13737-F800-4478-926E-831F1FF43E54}.Debug|x86.ActiveCfg = Debug|iPhone
		{BEC13737-F800-4478-926E-831F1FF43E54}.Debug|x86.Build.0 = Debug|iPhone
		{BEC13737-F800-4478-926E-831F1FF43E54}.Debug|x86.Deploy.0 = Debug|iPhone
		{BEC13737-F800-4478-926E-831F1FF43E54}.Release|Any CPU.ActiveCfg = Release|iPhone
		{BEC13737-F800-4478-926E-831F1FF43E54}.Release|Any CPU.Build.0 = Release|iPhone
		{BEC13737-F800-4478-926E-831F1FF43E54}.Release|Any CPU.Deploy.0 = Release|iPhone
		{BEC13737-F800-4478-926E-831F1FF43E54}.Release|ARM.ActiveCfg = Release|iPhone
		{BEC13737-F800-4478-926E-831F1FF43E54}.Release|ARM.Build.0 = Release|iPhone
		{BEC13737-F800-4478-926E-831F1FF43E54}.Release|ARM.Deploy.0 = Release|iPhone
		{BEC13737-F800-4478-926E-831F1FF43E54}.Release|iPhone.ActiveCfg = Release|iPhone
		{BEC13737-F800-4478-926E-831F1FF43E54}.Release|iPhone.Build.0 = Release|iPhone
		{BEC13737-F800-4478-926E-831F1FF43E54}.Release|iPhone.Deploy.0 = Release|iPhone
		{BEC13737-F800-4478-926E-831F1FF43E54}.Release|iPhoneSimulator.ActiveCfg = Release|iPhoneSimulator
		{BEC13737-F800-4478-926E-831F1FF43E54}.Release|iPhoneSimulator.Build.0 = Release|iPhoneSimulator
		{BEC13737-F800-4478-926E-831F1FF43E54}.Release|iPhoneSimulator.Deploy.0 = Release|iPhoneSimulator
		{BEC13737-F800-4478-926E-831F1FF43E54}.Release|x64.ActiveCfg = Release|iPhone
		{BEC13737-F800-4478-926E-831F1FF43E54}.Release|x64.Build.0 = Release|iPhone
		{BEC13737-F800-4478-926E-831F1FF43E54}.Release|x64.Deploy.0 = Release|iPhone
		{BEC13737-F800-4478-926E-831F1FF43E54}.Release|x86.ActiveCfg = Release|iPhone
		{BEC13737-F800-4478-926E-831F1FF43E54}.Release|x86.Build.0 = Release|iPhone
		{BEC13737-F800-4478-926E-831F1FF43E54}.Release|x86.Deploy.0 = Release|iPhone
		{1B1287AC-DEF8-41AB-B549-8FEB0C59A2F2}.Ad-Hoc|Any CPU.ActiveCfg = Release|x86
		{1B1287AC-DEF8-41AB-B549-8FEB0C59A2F2}.Ad-Hoc|Any CPU.Build.0 = Release|x86
		{1B1287AC-DEF8-41AB-B549-8FEB0C59A2F2}.Ad-Hoc|Any CPU.Deploy.0 = Release|x86
		{1B1287AC-DEF8-41AB-B549-8FEB0C59A2F2}.Ad-Hoc|ARM.ActiveCfg = Release|ARM
		{1B1287AC-DEF8-41AB-B549-8FEB0C59A2F2}.Ad-Hoc|ARM.Build.0 = Release|ARM
		{1B1287AC-DEF8-41AB-B549-8FEB0C59A2F2}.Ad-Hoc|ARM.Deploy.0 = Release|ARM
		{1B1287AC-DEF8-41AB-B549-8FEB0C59A2F2}.Ad-Hoc|iPhone.ActiveCfg = Release|x86
		{1B1287AC-DEF8-41AB-B549-8FEB0C59A2F2}.Ad-Hoc|iPhone.Build.0 = Release|x86
		{1B1287AC-DEF8-41AB-B549-8FEB0C59A2F2}.Ad-Hoc|iPhone.Deploy.0 = Release|x86
		{1B1287AC-DEF8-41AB-B549-8FEB0C59A2F2}.Ad-Hoc|iPhoneSimulator.ActiveCfg = Release|x86
		{1B1287AC-DEF8-41AB-B549-8FEB0C59A2F2}.Ad-Hoc|iPhoneSimulator.Build.0 = Release|x86
		{1B1287AC-DEF8-41AB-B549-8FEB0C59A2F2}.Ad-Hoc|iPhoneSimulator.Deploy.0 = Release|x86
		{1B1287AC-DEF8-41AB-B549-8FEB0C59A2F2}.Ad-Hoc|x64.ActiveCfg = Release|x64
		{1B1287AC-DEF8-41AB-B549-8FEB0C59A2F2}.Ad-Hoc|x64.Build.0 = Release|x64
		{1B1287AC-DEF8-41AB-B549-8FEB0C59A2F2}.Ad-Hoc|x64.Deploy.0 = Release|x64
		{1B1287AC-DEF8-41AB-B549-8FEB0C59A2F2}.Ad-Hoc|x86.ActiveCfg = Release|x86
		{1B1287AC-DEF8-41AB-B549-8FEB0C59A2F2}.Ad-Hoc|x86.Build.0 = Release|x86
		{1B1287AC-DEF8-41AB-B549-8FEB0C59A2F2}.Ad-Hoc|x86.Deploy.0 = Release|x86
		{1B1287AC-DEF8-41AB-B549-8FEB0C59A2F2}.AppStore|Any CPU.ActiveCfg = Release|x86
		{1B1287AC-DEF8-41AB-B549-8FEB0C59A2F2}.AppStore|Any CPU.Build.0 = Release|x86
		{1B1287AC-DEF8-41AB-B549-8FEB0C59A2F2}.AppStore|Any CPU.Deploy.0 = Release|x86
		{1B1287AC-DEF8-41AB-B549-8FEB0C59A2F2}.AppStore|ARM.ActiveCfg = Release|ARM
		{1B1287AC-DEF8-41AB-B549-8FEB0C59A2F2}.AppStore|ARM.Build.0 = Release|ARM
		{1B1287AC-DEF8-41AB-B549-8FEB0C59A2F2}.AppStore|ARM.Deploy.0 = Release|ARM
		{1B1287AC-DEF8-41AB-B549-8FEB0C59A2F2}.AppStore|iPhone.ActiveCfg = Release|x86
		{1B1287AC-DEF8-41AB-B549-8FEB0C59A2F2}.AppStore|iPhone.Build.0 = Release|x86
		{1B1287AC-DEF8-41AB-B549-8FEB0C59A2F2}.AppStore|iPhone.Deploy.0 = Release|x86
		{1B1287AC-DEF8-41AB-B549-8FEB0C59A2F2}.AppStore|iPhoneSimulator.ActiveCfg = Release|x86
		{1B1287AC-DEF8-41AB-B549-8FEB0C59A2F2}.AppStore|iPhoneSimulator.Build.0 = Release|x86
		{1B1287AC-DEF8-41AB-B549-8FEB0C59A2F2}.AppStore|iPhoneSimulator.Deploy.0 = Release|x86
		{1B1287AC-DEF8-41AB-B549-8FEB0C59A2F2}.AppStore|x64.ActiveCfg = Release|x64
		{1B1287AC-DEF8-41AB-B549-8FEB0C59A2F2}.AppStore|x64.Build.0 = Release|x64
		{1B1287AC-DEF8-41AB-B549-8FEB0C59A2F2}.AppStore|x64.Deploy.0 = Release|x64
		{1B1287AC-DEF8-41AB-B549-8FEB0C59A2F2}.AppStore|x86.ActiveCfg = Release|x86
		{1B1287AC-DEF8-41AB-B549-8FEB0C59A2F2}.AppStore|x86.Build.0 = Release|x86
		{1B1287AC-DEF8-41AB-B549-8FEB0C59A2F2}.AppStore|x86.Deploy.0 = Release|x86
		{1B1287AC-DEF8-41AB-B549-8FEB0C59A2F2}.Debug|Any CPU.ActiveCfg = Debug|x86
		{1B1287AC-DEF8-41AB-B549-8FEB0C59A2F2}.Debug|Any CPU.Build.0 = Debug|x86
		{1B1287AC-DEF8-41AB-B549-8FEB0C59A2F2}.Debug|Any CPU.Deploy.0 = Debug|x86
		{1B1287AC-DEF8-41AB-B549-8FEB0C59A2F2}.Debug|ARM.ActiveCfg = Debug|ARM
		{1B1287AC-DEF8-41AB-B549-8FEB0C59A2F2}.Debug|ARM.Build.0 = Debug|ARM
		{1B1287AC-DEF8-41AB-B549-8FEB0C59A2F2}.Debug|ARM.Deploy.0 = Debug|ARM
		{1B1287AC-DEF8-41AB-B549-8FEB0C59A2F2}.Debug|iPhone.ActiveCfg = Debug|x86
		{1B1287AC-DEF8-41AB-B549-8FEB0C59A2F2}.Debug|iPhone.Build.0 = Debug|x86
		{1B1287AC-DEF8-41AB-B549-8FEB0C59A2F2}.Debug|iPhone.Deploy.0 = Debug|x86
		{1B1287AC-DEF8-41AB-B549-8FEB0C59A2F2}.Debug|iPhoneSimulator.ActiveCfg = Debug|x86
		{1B1287AC-DEF8-41AB-B549-8FEB0C59A2F2}.Debug|iPhoneSimulator.Build.0 = Debug|x86
		{1B1287AC-DEF8-41AB-B549-8FEB0C59A2F2}.Debug|iPhoneSimulator.Deploy.0 = Debug|x86
		{1B1287AC-DEF8-41AB-B549-8FEB0C59A2F2}.Debug|x64.ActiveCfg = Debug|x64
		{1B1287AC-DEF8-41AB-B549-8FEB0C59A2F2}.Debug|x64.Build.0 = Debug|x64
		{1B1287AC-DEF8-41AB-B549-8FEB0C59A2F2}.Debug|x64.Deploy.0 = Debug|x64
		{1B1287AC-DEF8-41AB-B549-8FEB0C59A2F2}.Debug|x86.ActiveCfg = Debug|x86
		{1B1287AC-DEF8-41AB-B549-8FEB0C59A2F2}.Debug|x86.Build.0 = Debug|x86
		{1B1287AC-DEF8-41AB-B549-8FEB0C59A2F2}.Debug|x86.Deploy.0 = Debug|x86
		{1B1287AC-DEF8-41AB-B549-8FEB0C59A2F2}.Release|Any CPU.ActiveCfg = Release|x86
		{1B1287AC-DEF8-41AB-B549-8FEB0C59A2F2}.Release|Any CPU.Build.0 = Release|x86
		{1B1287AC-DEF8-41AB-B549-8FEB0C59A2F2}.Release|Any CPU.Deploy.0 = Release|x86
		{1B1287AC-DEF8-41AB-B549-8FEB0C59A2F2}.Release|ARM.ActiveCfg = Release|ARM
		{1B1287AC-DEF8-41AB-B549-8FEB0C59A2F2}.Release|ARM.Build.0 = Release|ARM
		{1B1287AC-DEF8-41AB-B549-8FEB0C59A2F2}.Release|ARM.Deploy.0 = Release|ARM
		{1B1287AC-DEF8-41AB-B549-8FEB0C59A2F2}.Release|iPhone.ActiveCfg = Release|x86
		{1B1287AC-DEF8-41AB-B549-8FEB0C59A2F2}.Release|iPhone.Build.0 = Release|x86
		{1B1287AC-DEF8-41AB-B549-8FEB0C59A2F2}.Release|iPhone.Deploy.0 = Release|x86
		{1B1287AC-DEF8-41AB-B549-8FEB0C59A2F2}.Release|iPhoneSimulator.ActiveCfg = Release|x86
		{1B1287AC-DEF8-41AB-B549-8FEB0C59A2F2}.Release|iPhoneSimulator.Build.0 = Release|x86
		{1B1287AC-DEF8-41AB-B549-8FEB0C59A2F2}.Release|iPhoneSimulator.Deploy.0 = Release|x86
		{1B1287AC-DEF8-41AB-B549-8FEB0C59A2F2}.Release|x64.ActiveCfg = Release|x64
		{1B1287AC-DEF8-41AB-B549-8FEB0C59A2F2}.Release|x64.Build.0 = Release|x64
		{1B1287AC-DEF8-41AB-B549-8FEB0C59A2F2}.Release|x64.Deploy.0 = Release|x64
		{1B1287AC-DEF8-41AB-B549-8FEB0C59A2F2}.Release|x86.ActiveCfg = Release|x86
		{1B1287AC-DEF8-41AB-B549-8FEB0C59A2F2}.Release|x86.Build.0 = Release|x86
		{1B1287AC-DEF8-41AB-B549-8FEB0C59A2F2}.Release|x86.Deploy.0 = Release|x86
		{6D5DBB50-F803-4713-A269-C5649DB9FCDF}.Ad-Hoc|Any CPU.ActiveCfg = Debug|Any CPU
		{6D5DBB50-F803-4713-A269-C5649DB9FCDF}.Ad-Hoc|Any CPU.Build.0 = Debug|Any CPU
		{6D5DBB50-F803-4713-A269-C5649DB9FCDF}.Ad-Hoc|Any CPU.Deploy.0 = Debug|Any CPU
		{6D5DBB50-F803-4713-A269-C5649DB9FCDF}.Ad-Hoc|ARM.ActiveCfg = Debug|Any CPU
		{6D5DBB50-F803-4713-A269-C5649DB9FCDF}.Ad-Hoc|ARM.Build.0 = Debug|Any CPU
		{6D5DBB50-F803-4713-A269-C5649DB9FCDF}.Ad-Hoc|ARM.Deploy.0 = Debug|Any CPU
		{6D5DBB50-F803-4713-A269-C5649DB9FCDF}.Ad-Hoc|iPhone.ActiveCfg = Debug|Any CPU
		{6D5DBB50-F803-4713-A269-C5649DB9FCDF}.Ad-Hoc|iPhone.Build.0 = Debug|Any CPU
		{6D5DBB50-F803-4713-A269-C5649DB9FCDF}.Ad-Hoc|iPhone.Deploy.0 = Debug|Any CPU
		{6D5DBB50-F803-4713-A269-C5649DB9FCDF}.Ad-Hoc|iPhoneSimulator.ActiveCfg = Debug|Any CPU
		{6D5DBB50-F803-4713-A269-C5649DB9FCDF}.Ad-Hoc|iPhoneSimulator.Build.0 = Debug|Any CPU
		{6D5DBB50-F803-4713-A269-C5649DB9FCDF}.Ad-Hoc|iPhoneSimulator.Deploy.0 = Debug|Any CPU
		{6D5DBB50-F803-4713-A269-C5649DB9FCDF}.Ad-Hoc|x64.ActiveCfg = Debug|Any CPU
		{6D5DBB50-F803-4713-A269-C5649DB9FCDF}.Ad-Hoc|x64.Build.0 = Debug|Any CPU
		{6D5DBB50-F803-4713-A269-C5649DB9FCDF}.Ad-Hoc|x64.Deploy.0 = Debug|Any CPU
		{6D5DBB50-F803-4713-A269-C5649DB9FCDF}.Ad-Hoc|x86.ActiveCfg = Debug|Any CPU
		{6D5DBB50-F803-4713-A269-C5649DB9FCDF}.Ad-Hoc|x86.Build.0 = Debug|Any CPU
		{6D5DBB50-F803-4713-A269-C5649DB9FCDF}.Ad-Hoc|x86.Deploy.0 = Debug|Any CPU
		{6D5DBB50-F803-4713-A269-C5649DB9FCDF}.AppStore|Any CPU.ActiveCfg = Debug|Any CPU
		{6D5DBB50-F803-4713-A269-C5649DB9FCDF}.AppStore|Any CPU.Build.0 = Debug|Any CPU
		{6D5DBB50-F803-4713-A269-C5649DB9FCDF}.AppStore|Any CPU.Deploy.0 = Debug|Any CPU
		{6D5DBB50-F803-4713-A269-C5649DB9FCDF}.AppStore|ARM.ActiveCfg = Debug|Any CPU
		{6D5DBB50-F803-4713-A269-C5649DB9FCDF}.AppStore|ARM.Build.0 = Debug|Any CPU
		{6D5DBB50-F803-4713-A269-C5649DB9FCDF}.AppStore|ARM.Deploy.0 = Debug|Any CPU
		{6D5DBB50-F803-4713-A269-C5649DB9FCDF}.AppStore|iPhone.ActiveCfg = Debug|Any CPU
		{6D5DBB50-F803-4713-A269-C5649DB9FCDF}.AppStore|iPhone.Build.0 = Debug|Any CPU
		{6D5DBB50-F803-4713-A269-C5649DB9FCDF}.AppStore|iPhone.Deploy.0 = Debug|Any CPU
		{6D5DBB50-F803-4713-A269-C5649DB9FCDF}.AppStore|iPhoneSimulator.ActiveCfg = Debug|Any CPU
		{6D5DBB50-F803-4713-A269-C5649DB9FCDF}.AppStore|iPhoneSimulator.Build.0 = Debug|Any CPU
		{6D5DBB50-F803-4713-A269-C5649DB9FCDF}.AppStore|iPhoneSimulator.Deploy.0 = Debug|Any CPU
		{6D5DBB50-F803-4713-A269-C5649DB9FCDF}.AppStore|x64.ActiveCfg = Debug|Any CPU
		{6D5DBB50-F803-4713-A269-C5649DB9FCDF}.AppStore|x64.Build.0 = Debug|Any CPU
		{6D5DBB50-F803-4713-A269-C5649DB9FCDF}.AppStore|x64.Deploy.0 = Debug|Any CPU
		{6D5DBB50-F803-4713-A269-C5649DB9FCDF}.AppStore|x86.ActiveCfg = Debug|Any CPU
		{6D5DBB50-F803-4713-A269-C5649DB9FCDF}.AppStore|x86.Build.0 = Debug|Any CPU
		{6D5DBB50-F803-4713-A269-C5649DB9FCDF}.AppStore|x86.Deploy.0 = Debug|Any CPU
		{6D5DBB50-F803-4713-A269-C5649DB9FCDF}.Debug|Any CPU.ActiveCfg = Debug|Any CPU
		{6D5DBB50-F803-4713-A269-C5649DB9FCDF}.Debug|Any CPU.Build.0 = Debug|Any CPU
		{6D5DBB50-F803-4713-A269-C5649DB9FCDF}.Debug|Any CPU.Deploy.0 = Debug|Any CPU
		{6D5DBB50-F803-4713-A269-C5649DB9FCDF}.Debug|ARM.ActiveCfg = Debug|Any CPU
		{6D5DBB50-F803-4713-A269-C5649DB9FCDF}.Debug|ARM.Build.0 = Debug|Any CPU
		{6D5DBB50-F803-4713-A269-C5649DB9FCDF}.Debug|ARM.Deploy.0 = Debug|Any CPU
		{6D5DBB50-F803-4713-A269-C5649DB9FCDF}.Debug|iPhone.ActiveCfg = Debug|Any CPU
		{6D5DBB50-F803-4713-A269-C5649DB9FCDF}.Debug|iPhone.Build.0 = Debug|Any CPU
		{6D5DBB50-F803-4713-A269-C5649DB9FCDF}.Debug|iPhone.Deploy.0 = Debug|Any CPU
		{6D5DBB50-F803-4713-A269-C5649DB9FCDF}.Debug|iPhoneSimulator.ActiveCfg = Debug|Any CPU
		{6D5DBB50-F803-4713-A269-C5649DB9FCDF}.Debug|iPhoneSimulator.Build.0 = Debug|Any CPU
		{6D5DBB50-F803-4713-A269-C5649DB9FCDF}.Debug|iPhoneSimulator.Deploy.0 = Debug|Any CPU
		{6D5DBB50-F803-4713-A269-C5649DB9FCDF}.Debug|x64.ActiveCfg = Debug|Any CPU
		{6D5DBB50-F803-4713-A269-C5649DB9FCDF}.Debug|x64.Build.0 = Debug|Any CPU
		{6D5DBB50-F803-4713-A269-C5649DB9FCDF}.Debug|x64.Deploy.0 = Debug|Any CPU
		{6D5DBB50-F803-4713-A269-C5649DB9FCDF}.Debug|x86.ActiveCfg = Debug|Any CPU
		{6D5DBB50-F803-4713-A269-C5649DB9FCDF}.Debug|x86.Build.0 = Debug|Any CPU
		{6D5DBB50-F803-4713-A269-C5649DB9FCDF}.Debug|x86.Deploy.0 = Debug|Any CPU
		{6D5DBB50-F803-4713-A269-C5649DB9FCDF}.Release|Any CPU.ActiveCfg = Release|Any CPU
		{6D5DBB50-F803-4713-A269-C5649DB9FCDF}.Release|Any CPU.Build.0 = Release|Any CPU
		{6D5DBB50-F803-4713-A269-C5649DB9FCDF}.Release|Any CPU.Deploy.0 = Release|Any CPU
		{6D5DBB50-F803-4713-A269-C5649DB9FCDF}.Release|ARM.ActiveCfg = Release|Any CPU
		{6D5DBB50-F803-4713-A269-C5649DB9FCDF}.Release|ARM.Build.0 = Release|Any CPU
		{6D5DBB50-F803-4713-A269-C5649DB9FCDF}.Release|ARM.Deploy.0 = Release|Any CPU
		{6D5DBB50-F803-4713-A269-C5649DB9FCDF}.Release|iPhone.ActiveCfg = Release|Any CPU
		{6D5DBB50-F803-4713-A269-C5649DB9FCDF}.Release|iPhone.Build.0 = Release|Any CPU
		{6D5DBB50-F803-4713-A269-C5649DB9FCDF}.Release|iPhone.Deploy.0 = Release|Any CPU
		{6D5DBB50-F803-4713-A269-C5649DB9FCDF}.Release|iPhoneSimulator.ActiveCfg = Release|Any CPU
		{6D5DBB50-F803-4713-A269-C5649DB9FCDF}.Release|iPhoneSimulator.Build.0 = Release|Any CPU
		{6D5DBB50-F803-4713-A269-C5649DB9FCDF}.Release|iPhoneSimulator.Deploy.0 = Release|Any CPU
		{6D5DBB50-F803-4713-A269-C5649DB9FCDF}.Release|x64.ActiveCfg = Release|Any CPU
		{6D5DBB50-F803-4713-A269-C5649DB9FCDF}.Release|x64.Build.0 = Release|Any CPU
		{6D5DBB50-F803-4713-A269-C5649DB9FCDF}.Release|x64.Deploy.0 = Release|Any CPU
		{6D5DBB50-F803-4713-A269-C5649DB9FCDF}.Release|x86.ActiveCfg = Release|Any CPU
		{6D5DBB50-F803-4713-A269-C5649DB9FCDF}.Release|x86.Build.0 = Release|Any CPU
		{6D5DBB50-F803-4713-A269-C5649DB9FCDF}.Release|x86.Deploy.0 = Release|Any CPU
	EndGlobalSection
	GlobalSection(SolutionProperties) = preSolution
		HideSolutionNode = FALSE
	EndGlobalSection
	GlobalSection(ExtensibilityGlobals) = postSolution
		SolutionGuid = {7CF8658F-80C2-4ECE-A94B-72EF0C7DC154}
	EndGlobalSection
EndGlobal
